// !$*UTF8*$!
{
	archiveVersion = 1;
	classes = {
	};
	objectVersion = 48;
	objects = {

/* Begin PBXBuildFile section */
		8A10CB7D1F9D0C6E008C50FB /* AppDelegate.swift in Sources */ = {isa = PBXBuildFile; fileRef = 8A10CB7C1F9D0C6E008C50FB /* AppDelegate.swift */; };
		8A10CB7F1F9D0C6E008C50FB /* ViewController.swift in Sources */ = {isa = PBXBuildFile; fileRef = 8A10CB7E1F9D0C6E008C50FB /* ViewController.swift */; };
		8A10CB821F9D0C6E008C50FB /* Main.storyboard in Resources */ = {isa = PBXBuildFile; fileRef = 8A10CB801F9D0C6E008C50FB /* Main.storyboard */; };
		8A10CB851F9D0C6E008C50FB /* MarketReminder_iOS.xcdatamodeld in Sources */ = {isa = PBXBuildFile; fileRef = 8A10CB831F9D0C6E008C50FB /* MarketReminder_iOS.xcdatamodeld */; };
		8A10CB871F9D0C6E008C50FB /* Assets.xcassets in Resources */ = {isa = PBXBuildFile; fileRef = 8A10CB861F9D0C6E008C50FB /* Assets.xcassets */; };
		8A10CB8A1F9D0C6E008C50FB /* LaunchScreen.storyboard in Resources */ = {isa = PBXBuildFile; fileRef = 8A10CB881F9D0C6E008C50FB /* LaunchScreen.storyboard */; };
		8A10CB951F9D0C6E008C50FB /* MarketReminder_iOSTests.swift in Sources */ = {isa = PBXBuildFile; fileRef = 8A10CB941F9D0C6E008C50FB /* MarketReminder_iOSTests.swift */; };
		8A10CBA01F9D0C6E008C50FB /* MarketReminder_iOSUITests.swift in Sources */ = {isa = PBXBuildFile; fileRef = 8A10CB9F1F9D0C6E008C50FB /* MarketReminder_iOSUITests.swift */; };
/* End PBXBuildFile section */

/* Begin PBXContainerItemProxy section */
		8A10CB911F9D0C6E008C50FB /* PBXContainerItemProxy */ = {
			isa = PBXContainerItemProxy;
			containerPortal = 8A10CB711F9D0C6E008C50FB /* Project object */;
			proxyType = 1;
			remoteGlobalIDString = 8A10CB781F9D0C6E008C50FB;
			remoteInfo = "MarketReminder-iOS";
		};
		8A10CB9C1F9D0C6E008C50FB /* PBXContainerItemProxy */ = {
			isa = PBXContainerItemProxy;
			containerPortal = 8A10CB711F9D0C6E008C50FB /* Project object */;
			proxyType = 1;
			remoteGlobalIDString = 8A10CB781F9D0C6E008C50FB;
			remoteInfo = "MarketReminder-iOS";
		};
/* End PBXContainerItemProxy section */

/* Begin PBXFileReference section */
		8A10CB791F9D0C6E008C50FB /* MarketReminder-iOS.app */ = {isa = PBXFileReference; explicitFileType = wrapper.application; includeInIndex = 0; path = "MarketReminder-iOS.app"; sourceTree = BUILT_PRODUCTS_DIR; };
		8A10CB7C1F9D0C6E008C50FB /* AppDelegate.swift */ = {isa = PBXFileReference; lastKnownFileType = sourcecode.swift; path = AppDelegate.swift; sourceTree = "<group>"; };
		8A10CB7E1F9D0C6E008C50FB /* ViewController.swift */ = {isa = PBXFileReference; lastKnownFileType = sourcecode.swift; path = ViewController.swift; sourceTree = "<group>"; };
		8A10CB811F9D0C6E008C50FB /* Base */ = {isa = PBXFileReference; lastKnownFileType = file.storyboard; name = Base; path = Base.lproj/Main.storyboard; sourceTree = "<group>"; };
		8A10CB841F9D0C6E008C50FB /* MarketReminder_iOS.xcdatamodel */ = {isa = PBXFileReference; lastKnownFileType = wrapper.xcdatamodel; path = MarketReminder_iOS.xcdatamodel; sourceTree = "<group>"; };
		8A10CB861F9D0C6E008C50FB /* Assets.xcassets */ = {isa = PBXFileReference; lastKnownFileType = folder.assetcatalog; path = Assets.xcassets; sourceTree = "<group>"; };
		8A10CB891F9D0C6E008C50FB /* Base */ = {isa = PBXFileReference; lastKnownFileType = file.storyboard; name = Base; path = Base.lproj/LaunchScreen.storyboard; sourceTree = "<group>"; };
		8A10CB8B1F9D0C6E008C50FB /* Info.plist */ = {isa = PBXFileReference; lastKnownFileType = text.plist.xml; path = Info.plist; sourceTree = "<group>"; };
		8A10CB901F9D0C6E008C50FB /* MarketReminder-iOSTests.xctest */ = {isa = PBXFileReference; explicitFileType = wrapper.cfbundle; includeInIndex = 0; path = "MarketReminder-iOSTests.xctest"; sourceTree = BUILT_PRODUCTS_DIR; };
		8A10CB941F9D0C6E008C50FB /* MarketReminder_iOSTests.swift */ = {isa = PBXFileReference; lastKnownFileType = sourcecode.swift; path = MarketReminder_iOSTests.swift; sourceTree = "<group>"; };
		8A10CB961F9D0C6E008C50FB /* Info.plist */ = {isa = PBXFileReference; lastKnownFileType = text.plist.xml; path = Info.plist; sourceTree = "<group>"; };
		8A10CB9B1F9D0C6E008C50FB /* MarketReminder-iOSUITests.xctest */ = {isa = PBXFileReference; explicitFileType = wrapper.cfbundle; includeInIndex = 0; path = "MarketReminder-iOSUITests.xctest"; sourceTree = BUILT_PRODUCTS_DIR; };
		8A10CB9F1F9D0C6E008C50FB /* MarketReminder_iOSUITests.swift */ = {isa = PBXFileReference; lastKnownFileType = sourcecode.swift; path = MarketReminder_iOSUITests.swift; sourceTree = "<group>"; };
		8A10CBA11F9D0C6E008C50FB /* Info.plist */ = {isa = PBXFileReference; lastKnownFileType = text.plist.xml; path = Info.plist; sourceTree = "<group>"; };
/* End PBXFileReference section */

/* Begin PBXFrameworksBuildPhase section */
		8A10CB761F9D0C6E008C50FB /* Frameworks */ = {
			isa = PBXFrameworksBuildPhase;
			buildActionMask = 2147483647;
			files = (
			);
			runOnlyForDeploymentPostprocessing = 0;
		};
		8A10CB8D1F9D0C6E008C50FB /* Frameworks */ = {
			isa = PBXFrameworksBuildPhase;
			buildActionMask = 2147483647;
			files = (
			);
			runOnlyForDeploymentPostprocessing = 0;
		};
		8A10CB981F9D0C6E008C50FB /* Frameworks */ = {
			isa = PBXFrameworksBuildPhase;
			buildActionMask = 2147483647;
			files = (
			);
			runOnlyForDeploymentPostprocessing = 0;
		};
/* End PBXFrameworksBuildPhase section */

/* Begin PBXGroup section */
		8A10CB701F9D0C6E008C50FB = {
			isa = PBXGroup;
			children = (
				8A10CB7B1F9D0C6E008C50FB /* MarketReminder-iOS */,
				8A10CB931F9D0C6E008C50FB /* MarketReminder-iOSTests */,
				8A10CB9E1F9D0C6E008C50FB /* MarketReminder-iOSUITests */,
				8A10CB7A1F9D0C6E008C50FB /* Products */,
			);
			sourceTree = "<group>";
		};
		8A10CB7A1F9D0C6E008C50FB /* Products */ = {
			isa = PBXGroup;
			children = (
				8A10CB791F9D0C6E008C50FB /* MarketReminder-iOS.app */,
				8A10CB901F9D0C6E008C50FB /* MarketReminder-iOSTests.xctest */,
				8A10CB9B1F9D0C6E008C50FB /* MarketReminder-iOSUITests.xctest */,
			);
			name = Products;
			sourceTree = "<group>";
		};
		8A10CB7B1F9D0C6E008C50FB /* MarketReminder-iOS */ = {
			isa = PBXGroup;
			children = (
				8A10CB7C1F9D0C6E008C50FB /* AppDelegate.swift */,
				8A10CB7E1F9D0C6E008C50FB /* ViewController.swift */,
				8A10CB801F9D0C6E008C50FB /* Main.storyboard */,
				8A10CB861F9D0C6E008C50FB /* Assets.xcassets */,
				8A10CB881F9D0C6E008C50FB /* LaunchScreen.storyboard */,
				8A10CB8B1F9D0C6E008C50FB /* Info.plist */,
				8A10CB831F9D0C6E008C50FB /* MarketReminder_iOS.xcdatamodeld */,
			);
			path = "MarketReminder-iOS";
			sourceTree = "<group>";
		};
		8A10CB931F9D0C6E008C50FB /* MarketReminder-iOSTests */ = {
			isa = PBXGroup;
			children = (
				8A10CB941F9D0C6E008C50FB /* MarketReminder_iOSTests.swift */,
				8A10CB961F9D0C6E008C50FB /* Info.plist */,
			);
			path = "MarketReminder-iOSTests";
			sourceTree = "<group>";
		};
		8A10CB9E1F9D0C6E008C50FB /* MarketReminder-iOSUITests */ = {
			isa = PBXGroup;
			children = (
				8A10CB9F1F9D0C6E008C50FB /* MarketReminder_iOSUITests.swift */,
				8A10CBA11F9D0C6E008C50FB /* Info.plist */,
			);
			path = "MarketReminder-iOSUITests";
			sourceTree = "<group>";
		};
/* End PBXGroup section */

/* Begin PBXNativeTarget section */
		8A10CB781F9D0C6E008C50FB /* MarketReminder-iOS */ = {
			isa = PBXNativeTarget;
			buildConfigurationList = 8A10CBA41F9D0C6E008C50FB /* Build configuration list for PBXNativeTarget "MarketReminder-iOS" */;
			buildPhases = (
				8A10CB751F9D0C6E008C50FB /* Sources */,
				8A10CB761F9D0C6E008C50FB /* Frameworks */,
				8A10CB771F9D0C6E008C50FB /* Resources */,
			);
			buildRules = (
			);
			dependencies = (
			);
			name = "MarketReminder-iOS";
			productName = "MarketReminder-iOS";
			productReference = 8A10CB791F9D0C6E008C50FB /* MarketReminder-iOS.app */;
			productType = "com.apple.product-type.application";
		};
		8A10CB8F1F9D0C6E008C50FB /* MarketReminder-iOSTests */ = {
			isa = PBXNativeTarget;
			buildConfigurationList = 8A10CBA71F9D0C6E008C50FB /* Build configuration list for PBXNativeTarget "MarketReminder-iOSTests" */;
			buildPhases = (
				8A10CB8C1F9D0C6E008C50FB /* Sources */,
				8A10CB8D1F9D0C6E008C50FB /* Frameworks */,
				8A10CB8E1F9D0C6E008C50FB /* Resources */,
			);
			buildRules = (
			);
			dependencies = (
				8A10CB921F9D0C6E008C50FB /* PBXTargetDependency */,
			);
			name = "MarketReminder-iOSTests";
			productName = "MarketReminder-iOSTests";
			productReference = 8A10CB901F9D0C6E008C50FB /* MarketReminder-iOSTests.xctest */;
			productType = "com.apple.product-type.bundle.unit-test";
		};
		8A10CB9A1F9D0C6E008C50FB /* MarketReminder-iOSUITests */ = {
			isa = PBXNativeTarget;
			buildConfigurationList = 8A10CBAA1F9D0C6E008C50FB /* Build configuration list for PBXNativeTarget "MarketReminder-iOSUITests" */;
			buildPhases = (
				8A10CB971F9D0C6E008C50FB /* Sources */,
				8A10CB981F9D0C6E008C50FB /* Frameworks */,
				8A10CB991F9D0C6E008C50FB /* Resources */,
			);
			buildRules = (
			);
			dependencies = (
				8A10CB9D1F9D0C6E008C50FB /* PBXTargetDependency */,
			);
			name = "MarketReminder-iOSUITests";
			productName = "MarketReminder-iOSUITests";
			productReference = 8A10CB9B1F9D0C6E008C50FB /* MarketReminder-iOSUITests.xctest */;
			productType = "com.apple.product-type.bundle.ui-testing";
		};
/* End PBXNativeTarget section */

/* Begin PBXProject section */
		8A10CB711F9D0C6E008C50FB /* Project object */ = {
			isa = PBXProject;
			attributes = {
				LastSwiftUpdateCheck = 0910;
				LastUpgradeCheck = 0910;
				ORGANIZATIONNAME = "Guillaume Loulier";
				TargetAttributes = {
					8A10CB781F9D0C6E008C50FB = {
						CreatedOnToolsVersion = 9.1;
						ProvisioningStyle = Automatic;
					};
					8A10CB8F1F9D0C6E008C50FB = {
						CreatedOnToolsVersion = 9.1;
						ProvisioningStyle = Automatic;
						TestTargetID = 8A10CB781F9D0C6E008C50FB;
					};
					8A10CB9A1F9D0C6E008C50FB = {
						CreatedOnToolsVersion = 9.1;
						ProvisioningStyle = Automatic;
						TestTargetID = 8A10CB781F9D0C6E008C50FB;
					};
				};
			};
			buildConfigurationList = 8A10CB741F9D0C6E008C50FB /* Build configuration list for PBXProject "MarketReminder-iOS" */;
			compatibilityVersion = "Xcode 8.0";
			developmentRegion = en;
			hasScannedForEncodings = 0;
			knownRegions = (
				en,
				Base,
			);
			mainGroup = 8A10CB701F9D0C6E008C50FB;
			productRefGroup = 8A10CB7A1F9D0C6E008C50FB /* Products */;
			projectDirPath = "";
			projectRoot = "";
			targets = (
				8A10CB781F9D0C6E008C50FB /* MarketReminder-iOS */,
				8A10CB8F1F9D0C6E008C50FB /* MarketReminder-iOSTests */,
				8A10CB9A1F9D0C6E008C50FB /* MarketReminder-iOSUITests */,
			);
		};
/* End PBXProject section */

/* Begin PBXResourcesBuildPhase section */
		8A10CB771F9D0C6E008C50FB /* Resources */ = {
			isa = PBXResourcesBuildPhase;
			buildActionMask = 2147483647;
			files = (
				8A10CB8A1F9D0C6E008C50FB /* LaunchScreen.storyboard in Resources */,
				8A10CB871F9D0C6E008C50FB /* Assets.xcassets in Resources */,
				8A10CB821F9D0C6E008C50FB /* Main.storyboard in Resources */,
			);
			runOnlyForDeploymentPostprocessing = 0;
		};
		8A10CB8E1F9D0C6E008C50FB /* Resources */ = {
			isa = PBXResourcesBuildPhase;
			buildActionMask = 2147483647;
			files = (
			);
			runOnlyForDeploymentPostprocessing = 0;
		};
		8A10CB991F9D0C6E008C50FB /* Resources */ = {
			isa = PBXResourcesBuildPhase;
			buildActionMask = 2147483647;
			files = (
			);
			runOnlyForDeploymentPostprocessing = 0;
		};
/* End PBXResourcesBuildPhase section */

/* Begin PBXSourcesBuildPhase section */
		8A10CB751F9D0C6E008C50FB /* Sources */ = {
			isa = PBXSourcesBuildPhase;
			buildActionMask = 2147483647;
			files = (
				8A10CB851F9D0C6E008C50FB /* MarketReminder_iOS.xcdatamodeld in Sources */,
				8A10CB7F1F9D0C6E008C50FB /* ViewController.swift in Sources */,
				8A10CB7D1F9D0C6E008C50FB /* AppDelegate.swift in Sources */,
			);
			runOnlyForDeploymentPostprocessing = 0;
		};
		8A10CB8C1F9D0C6E008C50FB /* Sources */ = {
			isa = PBXSourcesBuildPhase;
			buildActionMask = 2147483647;
			files = (
				8A10CB951F9D0C6E008C50FB /* MarketReminder_iOSTests.swift in Sources */,
			);
			runOnlyForDeploymentPostprocessing = 0;
		};
		8A10CB971F9D0C6E008C50FB /* Sources */ = {
			isa = PBXSourcesBuildPhase;
			buildActionMask = 2147483647;
			files = (
				8A10CBA01F9D0C6E008C50FB /* MarketReminder_iOSUITests.swift in Sources */,
			);
			runOnlyForDeploymentPostprocessing = 0;
		};
/* End PBXSourcesBuildPhase section */

/* Begin PBXTargetDependency section */
		8A10CB921F9D0C6E008C50FB /* PBXTargetDependency */ = {
			isa = PBXTargetDependency;
			target = 8A10CB781F9D0C6E008C50FB /* MarketReminder-iOS */;
			targetProxy = 8A10CB911F9D0C6E008C50FB /* PBXContainerItemProxy */;
		};
		8A10CB9D1F9D0C6E008C50FB /* PBXTargetDependency */ = {
			isa = PBXTargetDependency;
			target = 8A10CB781F9D0C6E008C50FB /* MarketReminder-iOS */;
			targetProxy = 8A10CB9C1F9D0C6E008C50FB /* PBXContainerItemProxy */;
		};
/* End PBXTargetDependency section */

/* Begin PBXVariantGroup section */
		8A10CB801F9D0C6E008C50FB /* Main.storyboard */ = {
			isa = PBXVariantGroup;
			children = (
				8A10CB811F9D0C6E008C50FB /* Base */,
			);
			name = Main.storyboard;
			sourceTree = "<group>";
		};
		8A10CB881F9D0C6E008C50FB /* LaunchScreen.storyboard */ = {
			isa = PBXVariantGroup;
			children = (
				8A10CB891F9D0C6E008C50FB /* Base */,
			);
			name = LaunchScreen.storyboard;
			sourceTree = "<group>";
		};
/* End PBXVariantGroup section */

/* Begin XCBuildConfiguration section */
		8A10CBA21F9D0C6E008C50FB /* Debug */ = {
			isa = XCBuildConfiguration;
			buildSettings = {
				ALWAYS_SEARCH_USER_PATHS = NO;
				CLANG_ANALYZER_NONNULL = YES;
				CLANG_ANALYZER_NUMBER_OBJECT_CONVERSION = YES_AGGRESSIVE;
				CLANG_CXX_LANGUAGE_STANDARD = "gnu++14";
				CLANG_CXX_LIBRARY = "libc++";
				CLANG_ENABLE_MODULES = YES;
				CLANG_ENABLE_OBJC_ARC = YES;
				CLANG_WARN_BLOCK_CAPTURE_AUTORELEASING = YES;
				CLANG_WARN_BOOL_CONVERSION = YES;
				CLANG_WARN_COMMA = YES;
				CLANG_WARN_CONSTANT_CONVERSION = YES;
				CLANG_WARN_DIRECT_OBJC_ISA_USAGE = YES_ERROR;
				CLANG_WARN_DOCUMENTATION_COMMENTS = YES;
				CLANG_WARN_EMPTY_BODY = YES;
				CLANG_WARN_ENUM_CONVERSION = YES;
				CLANG_WARN_INFINITE_RECURSION = YES;
				CLANG_WARN_INT_CONVERSION = YES;
				CLANG_WARN_NON_LITERAL_NULL_CONVERSION = YES;
				CLANG_WARN_OBJC_LITERAL_CONVERSION = YES;
				CLANG_WARN_OBJC_ROOT_CLASS = YES_ERROR;
				CLANG_WARN_RANGE_LOOP_ANALYSIS = YES;
				CLANG_WARN_STRICT_PROTOTYPES = YES;
				CLANG_WARN_SUSPICIOUS_MOVE = YES;
				CLANG_WARN_UNGUARDED_AVAILABILITY = YES_AGGRESSIVE;
				CLANG_WARN_UNREACHABLE_CODE = YES;
				CLANG_WARN__DUPLICATE_METHOD_MATCH = YES;
				CODE_SIGN_IDENTITY = "iPhone Developer";
				COPY_PHASE_STRIP = NO;
				DEBUG_INFORMATION_FORMAT = dwarf;
				ENABLE_STRICT_OBJC_MSGSEND = YES;
				ENABLE_TESTABILITY = YES;
				GCC_C_LANGUAGE_STANDARD = gnu11;
				GCC_DYNAMIC_NO_PIC = NO;
				GCC_NO_COMMON_BLOCKS = YES;
				GCC_OPTIMIZATION_LEVEL = 0;
				GCC_PREPROCESSOR_DEFINITIONS = (
					"DEBUG=1",
					"$(inherited)",
				);
				GCC_WARN_64_TO_32_BIT_CONVERSION = YES;
				GCC_WARN_ABOUT_RETURN_TYPE = YES_ERROR;
				GCC_WARN_UNDECLARED_SELECTOR = YES;
				GCC_WARN_UNINITIALIZED_AUTOS = YES_AGGRESSIVE;
				GCC_WARN_UNUSED_FUNCTION = YES;
				GCC_WARN_UNUSED_VARIABLE = YES;
				IPHONEOS_DEPLOYMENT_TARGET = 11.1;
				MTL_ENABLE_DEBUG_INFO = YES;
				ONLY_ACTIVE_ARCH = YES;
				SDKROOT = iphoneos;
				SWIFT_ACTIVE_COMPILATION_CONDITIONS = DEBUG;
				SWIFT_OPTIMIZATION_LEVEL = "-Onone";
			};
			name = Debug;
		};
		8A10CBA31F9D0C6E008C50FB /* Release */ = {
			isa = XCBuildConfiguration;
			buildSettings = {
				ALWAYS_SEARCH_USER_PATHS = NO;
				CLANG_ANALYZER_NONNULL = YES;
				CLANG_ANALYZER_NUMBER_OBJECT_CONVERSION = YES_AGGRESSIVE;
				CLANG_CXX_LANGUAGE_STANDARD = "gnu++14";
				CLANG_CXX_LIBRARY = "libc++";
				CLANG_ENABLE_MODULES = YES;
				CLANG_ENABLE_OBJC_ARC = YES;
				CLANG_WARN_BLOCK_CAPTURE_AUTORELEASING = YES;
				CLANG_WARN_BOOL_CONVERSION = YES;
				CLANG_WARN_COMMA = YES;
				CLANG_WARN_CONSTANT_CONVERSION = YES;
				CLANG_WARN_DIRECT_OBJC_ISA_USAGE = YES_ERROR;
				CLANG_WARN_DOCUMENTATION_COMMENTS = YES;
				CLANG_WARN_EMPTY_BODY = YES;
				CLANG_WARN_ENUM_CONVERSION = YES;
				CLANG_WARN_INFINITE_RECURSION = YES;
				CLANG_WARN_INT_CONVERSION = YES;
				CLANG_WARN_NON_LITERAL_NULL_CONVERSION = YES;
				CLANG_WARN_OBJC_LITERAL_CONVERSION = YES;
				CLANG_WARN_OBJC_ROOT_CLASS = YES_ERROR;
				CLANG_WARN_RANGE_LOOP_ANALYSIS = YES;
				CLANG_WARN_STRICT_PROTOTYPES = YES;
				CLANG_WARN_SUSPICIOUS_MOVE = YES;
				CLANG_WARN_UNGUARDED_AVAILABILITY = YES_AGGRESSIVE;
				CLANG_WARN_UNREACHABLE_CODE = YES;
				CLANG_WARN__DUPLICATE_METHOD_MATCH = YES;
				CODE_SIGN_IDENTITY = "iPhone Developer";
				COPY_PHASE_STRIP = NO;
				DEBUG_INFORMATION_FORMAT = "dwarf-with-dsym";
				ENABLE_NS_ASSERTIONS = NO;
				ENABLE_STRICT_OBJC_MSGSEND = YES;
				GCC_C_LANGUAGE_STANDARD = gnu11;
				GCC_NO_COMMON_BLOCKS = YES;
				GCC_WARN_64_TO_32_BIT_CONVERSION = YES;
				GCC_WARN_ABOUT_RETURN_TYPE = YES_ERROR;
				GCC_WARN_UNDECLARED_SELECTOR = YES;
				GCC_WARN_UNINITIALIZED_AUTOS = YES_AGGRESSIVE;
				GCC_WARN_UNUSED_FUNCTION = YES;
				GCC_WARN_UNUSED_VARIABLE = YES;
				IPHONEOS_DEPLOYMENT_TARGET = 11.1;
				MTL_ENABLE_DEBUG_INFO = NO;
				SDKROOT = iphoneos;
				SWIFT_OPTIMIZATION_LEVEL = "-Owholemodule";
				VALIDATE_PRODUCT = YES;
			};
			name = Release;
		};
		8A10CBA51F9D0C6E008C50FB /* Debug */ = {
			isa = XCBuildConfiguration;
			buildSettings = {
				ASSETCATALOG_COMPILER_APPICON_NAME = AppIcon;
				CODE_SIGN_STYLE = Automatic;
				DEVELOPMENT_TEAM = PN7CAY235J;
				INFOPLIST_FILE = "MarketReminder-iOS/Info.plist";
				LD_RUNPATH_SEARCH_PATHS = "$(inherited) @executable_path/Frameworks";
				PRODUCT_BUNDLE_IDENTIFIER = "fr.guillaumeloulier.MarketReminder-iOS";
				PRODUCT_NAME = "$(TARGET_NAME)";
				SWIFT_VERSION = 4.0;
				TARGETED_DEVICE_FAMILY = "1,2";
			};
			name = Debug;
		};
		8A10CBA61F9D0C6E008C50FB /* Release */ = {
			isa = XCBuildConfiguration;
			buildSettings = {
				ASSETCATALOG_COMPILER_APPICON_NAME = AppIcon;
				CODE_SIGN_STYLE = Automatic;
				DEVELOPMENT_TEAM = PN7CAY235J;
				INFOPLIST_FILE = "MarketReminder-iOS/Info.plist";
				LD_RUNPATH_SEARCH_PATHS = "$(inherited) @executable_path/Frameworks";
				PRODUCT_BUNDLE_IDENTIFIER = "fr.guillaumeloulier.MarketReminder-iOS";
				PRODUCT_NAME = "$(TARGET_NAME)";
				SWIFT_VERSION = 4.0;
				TARGETED_DEVICE_FAMILY = "1,2";
			};
			name = Release;
		};
		8A10CBA81F9D0C6E008C50FB /* Debug */ = {
			isa = XCBuildConfiguration;
			buildSettings = {
				ALWAYS_EMBED_SWIFT_STANDARD_LIBRARIES = YES;
				BUNDLE_LOADER = "$(TEST_HOST)";
				CODE_SIGN_STYLE = Automatic;
				DEVELOPMENT_TEAM = PN7CAY235J;
				INFOPLIST_FILE = "MarketReminder-iOSTests/Info.plist";
				LD_RUNPATH_SEARCH_PATHS = "$(inherited) @executable_path/Frameworks @loader_path/Frameworks";
				PRODUCT_BUNDLE_IDENTIFIER = "fr.guillaumeloulier.MarketReminder-iOSTests";
				PRODUCT_NAME = "$(TARGET_NAME)";
				SWIFT_VERSION = 4.0;
				TARGETED_DEVICE_FAMILY = "1,2";
				TEST_HOST = "$(BUILT_PRODUCTS_DIR)/MarketReminder-iOS.app/MarketReminder-iOS";
			};
			name = Debug;
		};
		8A10CBA91F9D0C6E008C50FB /* Release */ = {
			isa = XCBuildConfiguration;
			buildSettings = {
				ALWAYS_EMBED_SWIFT_STANDARD_LIBRARIES = YES;
				BUNDLE_LOADER = "$(TEST_HOST)";
				CODE_SIGN_STYLE = Automatic;
				DEVELOPMENT_TEAM = PN7CAY235J;
				INFOPLIST_FILE = "MarketReminder-iOSTests/Info.plist";
				LD_RUNPATH_SEARCH_PATHS = "$(inherited) @executable_path/Frameworks @loader_path/Frameworks";
				PRODUCT_BUNDLE_IDENTIFIER = "fr.guillaumeloulier.MarketReminder-iOSTests";
				PRODUCT_NAME = "$(TARGET_NAME)";
				SWIFT_VERSION = 4.0;
				TARGETED_DEVICE_FAMILY = "1,2";
				TEST_HOST = "$(BUILT_PRODUCTS_DIR)/MarketReminder-iOS.app/MarketReminder-iOS";
			};
			name = Release;
		};
		8A10CBAB1F9D0C6E008C50FB /* Debug */ = {
			isa = XCBuildConfiguration;
			buildSettings = {
				ALWAYS_EMBED_SWIFT_STANDARD_LIBRARIES = YES;
				CODE_SIGN_STYLE = Automatic;
				DEVELOPMENT_TEAM = PN7CAY235J;
				INFOPLIST_FILE = "MarketReminder-iOSUITests/Info.plist";
				LD_RUNPATH_SEARCH_PATHS = "$(inherited) @executable_path/Frameworks @loader_path/Frameworks";
				PRODUCT_BUNDLE_IDENTIFIER = "fr.guillaumeloulier.MarketReminder-iOSUITests";
				PRODUCT_NAME = "$(TARGET_NAME)";
				SWIFT_VERSION = 4.0;
				TARGETED_DEVICE_FAMILY = "1,2";
				TEST_TARGET_NAME = "MarketReminder-iOS";
			};
			name = Debug;
		};
		8A10CBAC1F9D0C6E008C50FB /* Release */ = {
			isa = XCBuildConfiguration;
			buildSettings = {
				ALWAYS_EMBED_SWIFT_STANDARD_LIBRARIES = YES;
				CODE_SIGN_STYLE = Automatic;
				DEVELOPMENT_TEAM = PN7CAY235J;
				INFOPLIST_FILE = "MarketReminder-iOSUITests/Info.plist";
				LD_RUNPATH_SEARCH_PATHS = "$(inherited) @executable_path/Frameworks @loader_path/Frameworks";
				PRODUCT_BUNDLE_IDENTIFIER = "fr.guillaumeloulier.MarketReminder-iOSUITests";
				PRODUCT_NAME = "$(TARGET_NAME)";
				SWIFT_VERSION = 4.0;
				TARGETED_DEVICE_FAMILY = "1,2";
				TEST_TARGET_NAME = "MarketReminder-iOS";
			};
			name = Release;
		};
/* End XCBuildConfiguration section */

/* Begin XCConfigurationList section */
		8A10CB741F9D0C6E008C50FB /* Build configuration list for PBXProject "MarketReminder-iOS" */ = {
			isa = XCConfigurationList;
			buildConfigurations = (
				8A10CBA21F9D0C6E008C50FB /* Debug */,
				8A10CBA31F9D0C6E008C50FB /* Release */,
			);
			defaultConfigurationIsVisible = 0;
			defaultConfigurationName = Release;
		};
		8A10CBA41F9D0C6E008C50FB /* Build configuration list for PBXNativeTarget "MarketReminder-iOS" */ = {
			isa = XCConfigurationList;
			buildConfigurations = (
				8A10CBA51F9D0C6E008C50FB /* Debug */,
				8A10CBA61F9D0C6E008C50FB /* Release */,
			);
			defaultConfigurationIsVisible = 0;
			defaultConfigurationName = Release;
		};
		8A10CBA71F9D0C6E008C50FB /* Build configuration list for PBXNativeTarget "MarketReminder-iOSTests" */ = {
			isa = XCConfigurationList;
			buildConfigurations = (
				8A10CBA81F9D0C6E008C50FB /* Debug */,
				8A10CBA91F9D0C6E008C50FB /* Release */,
			);
			defaultConfigurationIsVisible = 0;
			defaultConfigurationName = Release;
		};
		8A10CBAA1F9D0C6E008C50FB /* Build configuration list for PBXNativeTarget "MarketReminder-iOSUITests" */ = {
			isa = XCConfigurationList;
			buildConfigurations = (
				8A10CBAB1F9D0C6E008C50FB /* Debug */,
				8A10CBAC1F9D0C6E008C50FB /* Release */,
			);
			defaultConfigurationIsVisible = 0;
			defaultConfigurationName = Release;
		};
/* End XCConfigurationList section */

/* Begin XCVersionGroup section */
		8A10CB831F9D0C6E008C50FB /* MarketReminder_iOS.xcdatamodeld */ = {
			isa = XCVersionGroup;
			children = (
				8A10CB841F9D0C6E008C50FB /* MarketReminder_iOS.xcdatamodel */,
			);
			currentVersion = 8A10CB841F9D0C6E008C50FB /* MarketReminder_iOS.xcdatamodel */;
			path = MarketReminder_iOS.xcdatamodeld;
			sourceTree = "<group>";
			versionGroupType = wrapper.xcdatamodel;
		};
/* End XCVersionGroup section */
	};
	rootObject = 8A10CB711F9D0C6E008C50FB /* Project object */;
}
